基线标题: 青花植后端 v2 底层架构重构计划（完整融合闭环终版）
基线文件: 青花植后端v2底层架构重构计划_融合闭环终版.md
基线行数: 2111
基线 SHA-256: e8ee3511ee544ee4a5edcd12bf8cad0b3c02c397fb85eb459193ea854f29f428
确认规则: 本次准备阶段只拆分实施细节，不修改 Master Plan 业务语义
ClickUp 文件夹: https://app.clickup.com/90182453517/v/o/f/1100440000000586
ClickUp 状态: PENDING_CLICKUP_ACCESS
