基线标题: backend-v2 整体重构计划：多版本交叉验证完整版
基线文件: 青花植后端v2底层架构重构计划_融合闭环终版.md
基线行数: 663
基线 SHA-256: a5ab645aee865833f4e344ddbc39cc610badf2f60147ab62e8a8f819d0693030
确认规则: 统一完整版为唯一计划源；六域与 E00～E08 顺序保持，包含养护与 DMN、逐票进度、每小时 ClickUp 与 H5 同步及严格读取边界
ClickUp 文件夹: https://app.clickup.com/90182453517/v/o/f/1100440000000586
ClickUp 状态: 原票复用及执行增量已登记；以小型执行记录的逐票读回为准
